PODS:
  - DaVinci (2.0.0):
    - DaVinci/Core (= 2.0.0)
    - DaVinci/Mac (= 2.0.0)
    - DaVinci/Touch (= 2.0.0)
  - DaVinci/Core (2.0.0)
  - DaVinci/Mac (2.0.0):
    - DaVinci/Core
  - DaVinci/Touch (2.0.0):
    - DaVinci/Core

DEPENDENCIES:
  - DaVinci (from `../`)

EXTERNAL SOURCES:
  DaVinci:
    :path: "../"

SPEC CHECKSUMS:
  DaVinci: d494b887e2d94fedd9b6197443bcc0909682efd6

PODFILE CHECKSUM: b412ec5d712ccb5cbde020d06f93b6eadb4e300b

COCOAPODS: 1.5.2
