PODS:
  - DaVinci (2.0.0):
    - DaVinci/Core (= 2.0.0)
  - DaVinci/Core (2.0.0)

DEPENDENCIES:
  - DaVinci (from `../`)

EXTERNAL SOURCES:
  DaVinci:
    :path: "../"

SPEC CHECKSUMS:
  DaVinci: 1320954185c467dbcf1c0a12536969084a492499

PODFILE CHECKSUM: b412ec5d712ccb5cbde020d06f93b6eadb4e300b

COCOAPODS: 1.5.2
